# THIS IS AN AUTOGENERATED FILE. DO NOT EDIT THIS FILE DIRECTLY.
# yarn lockfile v1


"@types/jest-diff@*":
  version "20.0.1"
  resolved "https://registry.yarnpkg.com/@types/jest-diff/-/jest-diff-20.0.1.tgz#35cc15b9c4f30a18ef21852e255fdb02f6d59b89"
  integrity sha512-yALhelO3i0hqZwhjtcr6dYyaLoCHbAMshwtj6cGxTvHZAKXHsYGdff6E8EPw3xLKY0ELUTQ69Q1rQiJENnccMA==

"@types/jest@^24.0.15":
  version "24.0.15"
  resolved "https://registry.yarnpkg.com/@types/jest/-/jest-24.0.15.tgz#6c42d5af7fe3b44ffff7cc65de7bf741e8fa427f"
  integrity sha512-MU1HIvWUme74stAoc3mgAi+aMlgKOudgEvQDIm1v4RkrDudBh1T+NFp5sftpBAdXdx1J0PbdpJ+M2EsSOi1djA==
  dependencies:
    "@types/jest-diff" "*"

eslint-config-prettier@^6.0.0:
  version "6.0.0"
  resolved "https://registry.yarnpkg.com/eslint-config-prettier/-/eslint-config-prettier-6.0.0.tgz#f429a53bde9fc7660e6353910fd996d6284d3c25"
  integrity sha512-vDrcCFE3+2ixNT5H83g28bO/uYAwibJxerXPj+E7op4qzBCsAV36QfvdAyVOoNxKAH2Os/e01T/2x++V0LPukA==
  dependencies:
    get-stdin "^6.0.0"

get-stdin@^6.0.0:
  version "6.0.0"
  resolved "https://registry.yarnpkg.com/get-stdin/-/get-stdin-6.0.0.tgz#9e09bf712b360ab9225e812048f71fde9c89657b"
  integrity sha512-jp4tHawyV7+fkkSKyvjuLZswblUtz+SQKzSWnBbii16BuZksJlU1wuBYXY75r+duh/llF1ur6oNwi+2ZzjKZ7g==
